# THIS IS AN AUTOGENERATED FILE. DO NOT EDIT THIS FILE DIRECTLY.
# yarn lockfile v1


"@mixint/extrastat@^1.0.0":
  version "1.0.0"
  resolved "https://registry.yarnpkg.com/@mixint/extrastat/-/extrastat-1.0.0.tgz#1246e5e10e1786b98e7a277d531c5c0b6b45c3a0"
  integrity sha512-6MAqonb1w2R9tj8MaIxHc68b3m53385oWxiyczVxVeNuiMUHExAHocw/M65g0uWngVpYh8XJId67eFS76LqeIA==
