# THIS IS AN AUTOGENERATED FILE. DO NOT EDIT THIS FILE DIRECTLY.
# yarn lockfile v1


"@mixint/bytepipette@^1.1.0":
  version "1.1.0"
  resolved "https://registry.yarnpkg.com/@mixint/bytepipette/-/bytepipette-1.1.0.tgz#44e6ad96a01e1dd07ccb5f1d8124bacba9ea0446"
  integrity sha512-JfFl59tXnptVxYQP3SMsBX/yXGFwxfjoD6sjPc8XvB2lhLPph1pb5bx0vvfq/JOzB/sG+nNKdqbyzlsuZviucA==
  dependencies:
    "@mixint/extrastat" "1.0.0"
    "@mixint/transflect" "0.7.0"
    parsedmessage "3.0.1"
    serverfailsoft "2.0.2"

"@mixint/extrastat@1.0.0":
  version "1.0.0"
  resolved "https://registry.yarnpkg.com/@mixint/extrastat/-/extrastat-1.0.0.tgz#1246e5e10e1786b98e7a277d531c5c0b6b45c3a0"
  integrity sha512-6MAqonb1w2R9tj8MaIxHc68b3m53385oWxiyczVxVeNuiMUHExAHocw/M65g0uWngVpYh8XJId67eFS76LqeIA==

"@mixint/extrastat@3.0.3":
  version "3.0.3"
  resolved "https://registry.yarnpkg.com/@mixint/extrastat/-/extrastat-3.0.3.tgz#037e06e47affc882bee1092d233f41ae4bcd7ed0"
  integrity sha512-0OBs8fe0QcRR82s7bQLYvGw3m5nH2Pmzk6PUBUjf8jPRH6tiorZDiIKUppQunczHTwtzJZP8E4N7rqN20+dxcg==
  dependencies:
    identitymap "^1.1.0"

"@mixint/formidable@1.2.2":
  version "1.2.2"
  resolved "https://registry.yarnpkg.com/@mixint/formidable/-/formidable-1.2.2.tgz#4029eae0e6cf90180c81b2f7d698b954b295d41c"
  integrity sha512-lXxXHZVCCMtEL1gqjP5zNo88Sm0vsTgeQrcxSCYpdxcGJrH25bd18mHlVO8IsIzKE0AhexvdIW0KepUMe6WLTg==

"@mixint/transflect@0.6.4":
  version "0.6.4"
  resolved "https://registry.yarnpkg.com/@mixint/transflect/-/transflect-0.6.4.tgz#739d24492e01128548d1d6c9c7f451562db531cf"
  integrity sha512-/KY3s1sD+qU02FTHvQjXKxuOD8YBl0UnPI3JVEtHteTa7xUr0SSDriorUD0MGlSKu5WjHg4v0OEwZCgfKXSlSg==
  dependencies:
    parsedmessage "3.0.1"
    serverfailsoft "2.0.2"
    streamverbose "0.2.1"

"@mixint/transflect@0.7.0":
  version "0.7.0"
  resolved "https://registry.yarnpkg.com/@mixint/transflect/-/transflect-0.7.0.tgz#f91b6528eec008a907f2d86f5cf57aa37c30f7be"
  integrity sha512-s+o+jJcuu2kdcyKk/tUkeW4N9U/LOMIvqclTFBaxukmNfbjTF0ZvQvde70fUpjG7lVSxnZOHamt/AjlSKQa68A==
  dependencies:
    parsedmessage "3.0.1"
    serverfailsoft "2.0.2"
    streamverbose "0.2.1"

"@mixint/transflect@0.8.2":
  version "0.8.2"
  resolved "https://registry.yarnpkg.com/@mixint/transflect/-/transflect-0.8.2.tgz#7f5600dae4030140e6c6c46d339d752c82d717da"
  integrity sha512-55wmTXXgqn1SVoQsPEFb+LYkxKC5VjkjSWWTFyblgtcvgculDPCrjapG71xrJ/bzmS4SaWDm01kExSnuWApF1Q==
  dependencies:
    parsedmessage "3.1.0"
    serverfailsoft "2.1.1"
    streamverbose "0.2.1"

"@mixint/writepipette@0.2.2":
  version "0.2.2"
  resolved "https://registry.yarnpkg.com/@mixint/writepipette/-/writepipette-0.2.2.tgz#5baa1a39439e4cab92df991969860ed1ac9a2edc"
  integrity sha512-Zz3LR54W9GwsHBr2/NwGVkJzb3iEThM8uht9FeDNboNSCbI1Io9XsnOYXjXIIxVbc9W3Y7WVAU6hkayA+qwoNQ==
  dependencies:
    "@mixint/extrastat" "1.0.0"
    "@mixint/formidable" "1.2.2"
    "@mixint/transflect" "0.6.4"
    ctxify "^0.2.0"
    parsedmessage "3.0.1"
    serverfailsoft "2.0.2"

ctxify@0.2.0, ctxify@^0.2.0:
  version "0.2.0"
  resolved "https://registry.yarnpkg.com/ctxify/-/ctxify-0.2.0.tgz#904162b0b6531c3e701313d6d247c55269beb76a"
  integrity sha512-w5goNc7s8wR+cV/K0Z9GzYdWCHiOIj6CK93wFk3vdinCKTLecA38vVzhsbHhyMi9OB+C3f8wBkytEPzUZqZ+dw==

identitymap@^1.1.0:
  version "1.1.1"
  resolved "https://registry.yarnpkg.com/identitymap/-/identitymap-1.1.1.tgz#35ae194cd21a75ee4aa9680cb13f63c52342f287"
  integrity sha512-qSrko1vuuZymxUfJ/L0AsRqPZAwkpWiyiDIg19PwBLJKXocvFmmFe3qI0lJ2oP5pduCCjVj75PR7kec+In0Ntw==

parsedmessage@3.0.1:
  version "3.0.1"
  resolved "https://registry.yarnpkg.com/parsedmessage/-/parsedmessage-3.0.1.tgz#1e9aa3785cb8511dc72295d46a5d1a76e6afb043"
  integrity sha512-6nUqDz6biYZYeW8pKbR6pFunv3u3mgQjjtR2LOPi7xJAv2wc40DgIfLa8oWMOKOB6ZXlsCrtMVgGiYn0nf7kwg==

parsedmessage@3.1.0:
  version "3.1.0"
  resolved "https://registry.yarnpkg.com/parsedmessage/-/parsedmessage-3.1.0.tgz#9357449cad5099d85455ecf1d336d0193816ef85"
  integrity sha512-LRWoIhPUh+6myo9loWM9arfKeg/5KjjSbjK0RNwXL/ktu36AIR+NaNn37Zvo5ehzYunL2nd0y9XHmTb1RRBv+Q==

serverfailsoft@2.0.2:
  version "2.0.2"
  resolved "https://registry.yarnpkg.com/serverfailsoft/-/serverfailsoft-2.0.2.tgz#b091a65253b059ed089ad73e41295689fa38cdd0"
  integrity sha512-1M0ZdNxeVZ2FZCNDMVArcK8JU2jtkfCggeAHxPJX9VTk4h5W4UQJY9gbOJQ9yJbZdvyUKXdhSwaMR55Ft8o3jQ==

serverfailsoft@2.1.1:
  version "2.1.1"
  resolved "https://registry.yarnpkg.com/serverfailsoft/-/serverfailsoft-2.1.1.tgz#0d1471b3aabde582249597a328d2f2b4687accda"
  integrity sha512-HIt3LDYmyt5ZHUtcyvDmNnNfV5XYOEw4qvsVji1x3ltLwOaKMVGFzybURGUXO5+FNqOn/5sZS2lSBKphisBD+g==

streamverbose@0.2.1:
  version "0.2.1"
  resolved "https://registry.yarnpkg.com/streamverbose/-/streamverbose-0.2.1.tgz#4e5ad08b24583ce5c863bb24c31cb8d162942d86"
  integrity sha512-3S33voWb2t46hy0qxdShft9tCIvjMwiu82HqLOVwHpmpOHIe3pUFL1DJU4rg7Xk7OwWC0ZQSH158tNCg9quydw==
